// !$*UTF8*$!
{
	archiveVersion = 1;
	classes = {
	};
	objectVersion = 56;
	objects = {

/* Begin PBXBuildFile section */
		491ED5A52974CD4100E6B5F1 /* AppDelegate.swift in Sources */ = {isa = PBXBuildFile; fileRef = 491ED5A42974CD4100E6B5F1 /* AppDelegate.swift */; };
		491ED5A72974CD4100E6B5F1 /* SceneDelegate.swift in Sources */ = {isa = PBXBuildFile; fileRef = 491ED5A62974CD4100E6B5F1 /* SceneDelegate.swift */; };
		491ED5AE2974CD4300E6B5F1 /* Assets.xcassets in Resources */ = {isa = PBXBuildFile; fileRef = 491ED5AD2974CD4300E6B5F1 /* Assets.xcassets */; };
		491ED5B12974CD4300E6B5F1 /* LaunchScreen.storyboard in Resources */ = {isa = PBXBuildFile; fileRef = 491ED5AF2974CD4300E6B5F1 /* LaunchScreen.storyboard */; };
		491ED5BB2974CDEF00E6B5F1 /* SnapKit in Frameworks */ = {isa = PBXBuildFile; productRef = 491ED5BA2974CDEF00E6B5F1 /* SnapKit */; };
		491ED5BD2974CE1B00E6B5F1 /* BreweryViewController.swift in Sources */ = {isa = PBXBuildFile; fileRef = 491ED5BC2974CE1B00E6B5F1 /* BreweryViewController.swift */; };
		491ED5C02974CF6400E6B5F1 /* BreweryCollectionViewCell.swift in Sources */ = {isa = PBXBuildFile; fileRef = 491ED5BF2974CF6400E6B5F1 /* BreweryCollectionViewCell.swift */; };
		491ED5C22974D93000E6B5F1 /* TagCollectionViewCell.swift in Sources */ = {isa = PBXBuildFile; fileRef = 491ED5C12974D93000E6B5F1 /* TagCollectionViewCell.swift */; };
		491ED5C42975034D00E6B5F1 /* BreweryViewModel.swift in Sources */ = {isa = PBXBuildFile; fileRef = 491ED5C32975034D00E6B5F1 /* BreweryViewModel.swift */; };
		491ED5C62975056600E6B5F1 /* BreweryRepository.swift in Sources */ = {isa = PBXBuildFile; fileRef = 491ED5C52975056600E6B5F1 /* BreweryRepository.swift */; };
		491ED5C92975086600E6B5F1 /* BreweryService.swift in Sources */ = {isa = PBXBuildFile; fileRef = 491ED5C82975086600E6B5F1 /* BreweryService.swift */; };
		491ED5CE2975089200E6B5F1 /* BreweryModel.swift in Sources */ = {isa = PBXBuildFile; fileRef = 491ED5CD2975089200E6B5F1 /* BreweryModel.swift */; };
		491ED5D1297508AE00E6B5F1 /* BreweryEntity.swift in Sources */ = {isa = PBXBuildFile; fileRef = 491ED5D0297508AE00E6B5F1 /* BreweryEntity.swift */; };
		491ED5D5297515D000E6B5F1 /* RxCocoa in Frameworks */ = {isa = PBXBuildFile; productRef = 491ED5D4297515D000E6B5F1 /* RxCocoa */; };
		491ED5D7297515D000E6B5F1 /* RxRelay in Frameworks */ = {isa = PBXBuildFile; productRef = 491ED5D6297515D000E6B5F1 /* RxRelay */; };
		491ED5D9297515D000E6B5F1 /* RxSwift in Frameworks */ = {isa = PBXBuildFile; productRef = 491ED5D8297515D000E6B5F1 /* RxSwift */; };
		491ED5DC297515F700E6B5F1 /* Alamofire in Frameworks */ = {isa = PBXBuildFile; productRef = 491ED5DB297515F700E6B5F1 /* Alamofire */; };
		491ED5DE29751CC700E6B5F1 /* URLInfo.swift in Sources */ = {isa = PBXBuildFile; fileRef = 491ED5DD29751CC700E6B5F1 /* URLInfo.swift */; };
		498D63DC29777BDE0096052D /* BreweryDetailViewController.swift in Sources */ = {isa = PBXBuildFile; fileRef = 498D63DB29777BDE0096052D /* BreweryDetailViewController.swift */; };
		498D63DE29777FA70096052D /* DynamicHeightFlowLayout.swift in Sources */ = {isa = PBXBuildFile; fileRef = 498D63DD29777FA70096052D /* DynamicHeightFlowLayout.swift */; };
		498D63E0297781AA0096052D /* PairingCell.swift in Sources */ = {isa = PBXBuildFile; fileRef = 498D63DF297781AA0096052D /* PairingCell.swift */; };
		498D63E22977A9700096052D /* DetailImageCell.swift in Sources */ = {isa = PBXBuildFile; fileRef = 498D63E12977A9700096052D /* DetailImageCell.swift */; };
		498D63E42977ABCA0096052D /* DescriptionCell.swift in Sources */ = {isa = PBXBuildFile; fileRef = 498D63E32977ABCA0096052D /* DescriptionCell.swift */; };
		49BDB36929762096003DF1F9 /* Kingfisher in Frameworks */ = {isa = PBXBuildFile; productRef = 49BDB36829762096003DF1F9 /* Kingfisher */; };
/* End PBXBuildFile section */

/* Begin PBXFileReference section */
		491ED5A12974CD4100E6B5F1 /* CollectionViewPagenation.app */ = {isa = PBXFileReference; explicitFileType = wrapper.application; includeInIndex = 0; path = CollectionViewPagenation.app; sourceTree = BUILT_PRODUCTS_DIR; };
		491ED5A42974CD4100E6B5F1 /* AppDelegate.swift */ = {isa = PBXFileReference; lastKnownFileType = sourcecode.swift; path = AppDelegate.swift; sourceTree = "<group>"; };
		491ED5A62974CD4100E6B5F1 /* SceneDelegate.swift */ = {isa = PBXFileReference; lastKnownFileType = sourcecode.swift; path = SceneDelegate.swift; sourceTree = "<group>"; };
		491ED5AD2974CD4300E6B5F1 /* Assets.xcassets */ = {isa = PBXFileReference; lastKnownFileType = folder.assetcatalog; path = Assets.xcassets; sourceTree = "<group>"; };
		491ED5B02974CD4300E6B5F1 /* Base */ = {isa = PBXFileReference; lastKnownFileType = file.storyboard; name = Base; path = Base.lproj/LaunchScreen.storyboard; sourceTree = "<group>"; };
		491ED5B22974CD4300E6B5F1 /* Info.plist */ = {isa = PBXFileReference; lastKnownFileType = text.plist.xml; path = Info.plist; sourceTree = "<group>"; };
		491ED5BC2974CE1B00E6B5F1 /* BreweryViewController.swift */ = {isa = PBXFileReference; lastKnownFileType = sourcecode.swift; path = BreweryViewController.swift; sourceTree = "<group>"; };
		491ED5BF2974CF6400E6B5F1 /* BreweryCollectionViewCell.swift */ = {isa = PBXFileReference; lastKnownFileType = sourcecode.swift; path = BreweryCollectionViewCell.swift; sourceTree = "<group>"; };
		491ED5C12974D93000E6B5F1 /* TagCollectionViewCell.swift */ = {isa = PBXFileReference; lastKnownFileType = sourcecode.swift; path = TagCollectionViewCell.swift; sourceTree = "<group>"; };
		491ED5C32975034D00E6B5F1 /* BreweryViewModel.swift */ = {isa = PBXFileReference; lastKnownFileType = sourcecode.swift; path = BreweryViewModel.swift; sourceTree = "<group>"; };
		491ED5C52975056600E6B5F1 /* BreweryRepository.swift */ = {isa = PBXFileReference; lastKnownFileType = sourcecode.swift; path = BreweryRepository.swift; sourceTree = "<group>"; };
		491ED5C82975086600E6B5F1 /* BreweryService.swift */ = {isa = PBXFileReference; lastKnownFileType = sourcecode.swift; path = BreweryService.swift; sourceTree = "<group>"; };
		491ED5CD2975089200E6B5F1 /* BreweryModel.swift */ = {isa = PBXFileReference; lastKnownFileType = sourcecode.swift; path = BreweryModel.swift; sourceTree = "<group>"; };
		491ED5D0297508AE00E6B5F1 /* BreweryEntity.swift */ = {isa = PBXFileReference; lastKnownFileType = sourcecode.swift; path = BreweryEntity.swift; sourceTree = "<group>"; };
		491ED5DD29751CC700E6B5F1 /* URLInfo.swift */ = {isa = PBXFileReference; lastKnownFileType = sourcecode.swift; path = URLInfo.swift; sourceTree = "<group>"; };
		498D63DB29777BDE0096052D /* BreweryDetailViewController.swift */ = {isa = PBXFileReference; lastKnownFileType = sourcecode.swift; path = BreweryDetailViewController.swift; sourceTree = "<group>"; };
		498D63DD29777FA70096052D /* DynamicHeightFlowLayout.swift */ = {isa = PBXFileReference; lastKnownFileType = sourcecode.swift; path = DynamicHeightFlowLayout.swift; sourceTree = "<group>"; };
		498D63DF297781AA0096052D /* PairingCell.swift */ = {isa = PBXFileReference; lastKnownFileType = sourcecode.swift; path = PairingCell.swift; sourceTree = "<group>"; };
		498D63E12977A9700096052D /* DetailImageCell.swift */ = {isa = PBXFileReference; lastKnownFileType = sourcecode.swift; path = DetailImageCell.swift; sourceTree = "<group>"; };
		498D63E32977ABCA0096052D /* DescriptionCell.swift */ = {isa = PBXFileReference; lastKnownFileType = sourcecode.swift; path = DescriptionCell.swift; sourceTree = "<group>"; };
/* End PBXFileReference section */

/* Begin PBXFrameworksBuildPhase section */
		491ED59E2974CD4100E6B5F1 /* Frameworks */ = {
			isa = PBXFrameworksBuildPhase;
			buildActionMask = 2147483647;
			files = (
				49BDB36929762096003DF1F9 /* Kingfisher in Frameworks */,
				491ED5DC297515F700E6B5F1 /* Alamofire in Frameworks */,
				491ED5D7297515D000E6B5F1 /* RxRelay in Frameworks */,
				491ED5D5297515D000E6B5F1 /* RxCocoa in Frameworks */,
				491ED5D9297515D000E6B5F1 /* RxSwift in Frameworks */,
				491ED5BB2974CDEF00E6B5F1 /* SnapKit in Frameworks */,
			);
			runOnlyForDeploymentPostprocessing = 0;
		};
/* End PBXFrameworksBuildPhase section */

/* Begin PBXGroup section */
		491ED5982974CD4100E6B5F1 = {
			isa = PBXGroup;
			children = (
				491ED5A32974CD4100E6B5F1 /* CollectionViewPagenation */,
				491ED5A22974CD4100E6B5F1 /* Products */,
			);
			sourceTree = "<group>";
		};
		491ED5A22974CD4100E6B5F1 /* Products */ = {
			isa = PBXGroup;
			children = (
				491ED5A12974CD4100E6B5F1 /* CollectionViewPagenation.app */,
			);
			name = Products;
			sourceTree = "<group>";
		};
		491ED5A32974CD4100E6B5F1 /* CollectionViewPagenation */ = {
			isa = PBXGroup;
			children = (
				491ED5B82974CD5000E6B5F1 /* Delegate */,
				491ED5BE2974CF2700E6B5F1 /* Scene */,
				491ED5C72975056900E6B5F1 /* Repository */,
				491ED5CF2975089500E6B5F1 /* Model */,
				491ED5CA2975086900E6B5F1 /* Service */,
				491ED5D2297508B200E6B5F1 /* Entity */,
				491ED5AD2974CD4300E6B5F1 /* Assets.xcassets */,
				491ED5AF2974CD4300E6B5F1 /* LaunchScreen.storyboard */,
				491ED5B22974CD4300E6B5F1 /* Info.plist */,
				491ED5DD29751CC700E6B5F1 /* URLInfo.swift */,
			);
			path = CollectionViewPagenation;
			sourceTree = "<group>";
		};
		491ED5B82974CD5000E6B5F1 /* Delegate */ = {
			isa = PBXGroup;
			children = (
				491ED5A42974CD4100E6B5F1 /* AppDelegate.swift */,
				491ED5A62974CD4100E6B5F1 /* SceneDelegate.swift */,
			);
			path = Delegate;
			sourceTree = "<group>";
		};
		491ED5BE2974CF2700E6B5F1 /* Scene */ = {
			isa = PBXGroup;
			children = (
				491ED5BC2974CE1B00E6B5F1 /* BreweryViewController.swift */,
				491ED5C32975034D00E6B5F1 /* BreweryViewModel.swift */,
				491ED5BF2974CF6400E6B5F1 /* BreweryCollectionViewCell.swift */,
				491ED5C12974D93000E6B5F1 /* TagCollectionViewCell.swift */,
				498D63DB29777BDE0096052D /* BreweryDetailViewController.swift */,
				498D63E12977A9700096052D /* DetailImageCell.swift */,
				498D63E32977ABCA0096052D /* DescriptionCell.swift */,
				498D63DF297781AA0096052D /* PairingCell.swift */,
				498D63DD29777FA70096052D /* DynamicHeightFlowLayout.swift */,
			);
			path = Scene;
			sourceTree = "<group>";
		};
		491ED5C72975056900E6B5F1 /* Repository */ = {
			isa = PBXGroup;
			children = (
				491ED5C52975056600E6B5F1 /* BreweryRepository.swift */,
			);
			path = Repository;
			sourceTree = "<group>";
		};
		491ED5CA2975086900E6B5F1 /* Service */ = {
			isa = PBXGroup;
			children = (
				491ED5C82975086600E6B5F1 /* BreweryService.swift */,
			);
			path = Service;
			sourceTree = "<group>";
		};
		491ED5CF2975089500E6B5F1 /* Model */ = {
			isa = PBXGroup;
			children = (
				491ED5CD2975089200E6B5F1 /* BreweryModel.swift */,
			);
			path = Model;
			sourceTree = "<group>";
		};
		491ED5D2297508B200E6B5F1 /* Entity */ = {
			isa = PBXGroup;
			children = (
				491ED5D0297508AE00E6B5F1 /* BreweryEntity.swift */,
			);
			path = Entity;
			sourceTree = "<group>";
		};
/* End PBXGroup section */

/* Begin PBXNativeTarget section */
		491ED5A02974CD4100E6B5F1 /* CollectionViewPagenation */ = {
			isa = PBXNativeTarget;
			buildConfigurationList = 491ED5B52974CD4300E6B5F1 /* Build configuration list for PBXNativeTarget "CollectionViewPagenation" */;
			buildPhases = (
				491ED59D2974CD4100E6B5F1 /* Sources */,
				491ED59E2974CD4100E6B5F1 /* Frameworks */,
				491ED59F2974CD4100E6B5F1 /* Resources */,
			);
			buildRules = (
			);
			dependencies = (
			);
			name = CollectionViewPagenation;
			packageProductDependencies = (
				491ED5BA2974CDEF00E6B5F1 /* SnapKit */,
				491ED5D4297515D000E6B5F1 /* RxCocoa */,
				491ED5D6297515D000E6B5F1 /* RxRelay */,
				491ED5D8297515D000E6B5F1 /* RxSwift */,
				491ED5DB297515F700E6B5F1 /* Alamofire */,
				49BDB36829762096003DF1F9 /* Kingfisher */,
			);
			productName = CollectionViewPagenation;
			productReference = 491ED5A12974CD4100E6B5F1 /* CollectionViewPagenation.app */;
			productType = "com.apple.product-type.application";
		};
/* End PBXNativeTarget section */

/* Begin PBXProject section */
		491ED5992974CD4100E6B5F1 /* Project object */ = {
			isa = PBXProject;
			attributes = {
				BuildIndependentTargetsInParallel = 1;
				LastSwiftUpdateCheck = 1420;
				LastUpgradeCheck = 1420;
				TargetAttributes = {
					491ED5A02974CD4100E6B5F1 = {
						CreatedOnToolsVersion = 14.2;
					};
				};
			};
			buildConfigurationList = 491ED59C2974CD4100E6B5F1 /* Build configuration list for PBXProject "CollectionViewPagenation" */;
			compatibilityVersion = "Xcode 14.0";
			developmentRegion = en;
			hasScannedForEncodings = 0;
			knownRegions = (
				en,
				Base,
			);
			mainGroup = 491ED5982974CD4100E6B5F1;
			packageReferences = (
				491ED5B92974CDEF00E6B5F1 /* XCRemoteSwiftPackageReference "SnapKit" */,
				491ED5D3297515D000E6B5F1 /* XCRemoteSwiftPackageReference "RxSwift" */,
				491ED5DA297515F700E6B5F1 /* XCRemoteSwiftPackageReference "Alamofire" */,
				49BDB36729762096003DF1F9 /* XCRemoteSwiftPackageReference "Kingfisher" */,
			);
			productRefGroup = 491ED5A22974CD4100E6B5F1 /* Products */;
			projectDirPath = "";
			projectRoot = "";
			targets = (
				491ED5A02974CD4100E6B5F1 /* CollectionViewPagenation */,
			);
		};
/* End PBXProject section */

/* Begin PBXResourcesBuildPhase section */
		491ED59F2974CD4100E6B5F1 /* Resources */ = {
			isa = PBXResourcesBuildPhase;
			buildActionMask = 2147483647;
			files = (
				491ED5B12974CD4300E6B5F1 /* LaunchScreen.storyboard in Resources */,
				491ED5AE2974CD4300E6B5F1 /* Assets.xcassets in Resources */,
			);
			runOnlyForDeploymentPostprocessing = 0;
		};
/* End PBXResourcesBuildPhase section */

/* Begin PBXSourcesBuildPhase section */
		491ED59D2974CD4100E6B5F1 /* Sources */ = {
			isa = PBXSourcesBuildPhase;
			buildActionMask = 2147483647;
			files = (
				491ED5C92975086600E6B5F1 /* BreweryService.swift in Sources */,
				491ED5C62975056600E6B5F1 /* BreweryRepository.swift in Sources */,
				491ED5DE29751CC700E6B5F1 /* URLInfo.swift in Sources */,
				491ED5BD2974CE1B00E6B5F1 /* BreweryViewController.swift in Sources */,
				498D63E42977ABCA0096052D /* DescriptionCell.swift in Sources */,
				498D63DE29777FA70096052D /* DynamicHeightFlowLayout.swift in Sources */,
				491ED5D1297508AE00E6B5F1 /* BreweryEntity.swift in Sources */,
				491ED5C02974CF6400E6B5F1 /* BreweryCollectionViewCell.swift in Sources */,
				491ED5CE2975089200E6B5F1 /* BreweryModel.swift in Sources */,
				498D63E22977A9700096052D /* DetailImageCell.swift in Sources */,
				491ED5C22974D93000E6B5F1 /* TagCollectionViewCell.swift in Sources */,
				491ED5C42975034D00E6B5F1 /* BreweryViewModel.swift in Sources */,
				491ED5A52974CD4100E6B5F1 /* AppDelegate.swift in Sources */,
				498D63E0297781AA0096052D /* PairingCell.swift in Sources */,
				498D63DC29777BDE0096052D /* BreweryDetailViewController.swift in Sources */,
				491ED5A72974CD4100E6B5F1 /* SceneDelegate.swift in Sources */,
			);
			runOnlyForDeploymentPostprocessing = 0;
		};
/* End PBXSourcesBuildPhase section */

/* Begin PBXVariantGroup section */
		491ED5AF2974CD4300E6B5F1 /* LaunchScreen.storyboard */ = {
			isa = PBXVariantGroup;
			children = (
				491ED5B02974CD4300E6B5F1 /* Base */,
			);
			name = LaunchScreen.storyboard;
			sourceTree = "<group>";
		};
/* End PBXVariantGroup section */

/* Begin XCBuildConfiguration section */
		491ED5B32974CD4300E6B5F1 /* Debug */ = {
			isa = XCBuildConfiguration;
			buildSettings = {
				ALWAYS_SEARCH_USER_PATHS = NO;
				CLANG_ANALYZER_NONNULL = YES;
				CLANG_ANALYZER_NUMBER_OBJECT_CONVERSION = YES_AGGRESSIVE;
				CLANG_CXX_LANGUAGE_STANDARD = "gnu++20";
				CLANG_ENABLE_MODULES = YES;
				CLANG_ENABLE_OBJC_ARC = YES;
				CLANG_ENABLE_OBJC_WEAK = YES;
				CLANG_WARN_BLOCK_CAPTURE_AUTORELEASING = YES;
				CLANG_WARN_BOOL_CONVERSION = YES;
				CLANG_WARN_COMMA = YES;
				CLANG_WARN_CONSTANT_CONVERSION = YES;
				CLANG_WARN_DEPRECATED_OBJC_IMPLEMENTATIONS = YES;
				CLANG_WARN_DIRECT_OBJC_ISA_USAGE = YES_ERROR;
				CLANG_WARN_DOCUMENTATION_COMMENTS = YES;
				CLANG_WARN_EMPTY_BODY = YES;
				CLANG_WARN_ENUM_CONVERSION = YES;
				CLANG_WARN_INFINITE_RECURSION = YES;
				CLANG_WARN_INT_CONVERSION = YES;
				CLANG_WARN_NON_LITERAL_NULL_CONVERSION = YES;
				CLANG_WARN_OBJC_IMPLICIT_RETAIN_SELF = YES;
				CLANG_WARN_OBJC_LITERAL_CONVERSION = YES;
				CLANG_WARN_OBJC_ROOT_CLASS = YES_ERROR;
				CLANG_WARN_QUOTED_INCLUDE_IN_FRAMEWORK_HEADER = YES;
				CLANG_WARN_RANGE_LOOP_ANALYSIS = YES;
				CLANG_WARN_STRICT_PROTOTYPES = YES;
				CLANG_WARN_SUSPICIOUS_MOVE = YES;
				CLANG_WARN_UNGUARDED_AVAILABILITY = YES_AGGRESSIVE;
				CLANG_WARN_UNREACHABLE_CODE = YES;
				CLANG_WARN__DUPLICATE_METHOD_MATCH = YES;
				COPY_PHASE_STRIP = NO;
				DEBUG_INFORMATION_FORMAT = dwarf;
				ENABLE_STRICT_OBJC_MSGSEND = YES;
				ENABLE_TESTABILITY = YES;
				GCC_C_LANGUAGE_STANDARD = gnu11;
				GCC_DYNAMIC_NO_PIC = NO;
				GCC_NO_COMMON_BLOCKS = YES;
				GCC_OPTIMIZATION_LEVEL = 0;
				GCC_PREPROCESSOR_DEFINITIONS = (
					"DEBUG=1",
					"$(inherited)",
				);
				GCC_WARN_64_TO_32_BIT_CONVERSION = YES;
				GCC_WARN_ABOUT_RETURN_TYPE = YES_ERROR;
				GCC_WARN_UNDECLARED_SELECTOR = YES;
				GCC_WARN_UNINITIALIZED_AUTOS = YES_AGGRESSIVE;
				GCC_WARN_UNUSED_FUNCTION = YES;
				GCC_WARN_UNUSED_VARIABLE = YES;
				IPHONEOS_DEPLOYMENT_TARGET = 16.2;
				MTL_ENABLE_DEBUG_INFO = INCLUDE_SOURCE;
				MTL_FAST_MATH = YES;
				ONLY_ACTIVE_ARCH = YES;
				SDKROOT = iphoneos;
				SWIFT_ACTIVE_COMPILATION_CONDITIONS = DEBUG;
				SWIFT_OPTIMIZATION_LEVEL = "-Onone";
			};
			name = Debug;
		};
		491ED5B42974CD4300E6B5F1 /* Release */ = {
			isa = XCBuildConfiguration;
			buildSettings = {
				ALWAYS_SEARCH_USER_PATHS = NO;
				CLANG_ANALYZER_NONNULL = YES;
				CLANG_ANALYZER_NUMBER_OBJECT_CONVERSION = YES_AGGRESSIVE;
				CLANG_CXX_LANGUAGE_STANDARD = "gnu++20";
				CLANG_ENABLE_MODULES = YES;
				CLANG_ENABLE_OBJC_ARC = YES;
				CLANG_ENABLE_OBJC_WEAK = YES;
				CLANG_WARN_BLOCK_CAPTURE_AUTORELEASING = YES;
				CLANG_WARN_BOOL_CONVERSION = YES;
				CLANG_WARN_COMMA = YES;
				CLANG_WARN_CONSTANT_CONVERSION = YES;
				CLANG_WARN_DEPRECATED_OBJC_IMPLEMENTATIONS = YES;
				CLANG_WARN_DIRECT_OBJC_ISA_USAGE = YES_ERROR;
				CLANG_WARN_DOCUMENTATION_COMMENTS = YES;
				CLANG_WARN_EMPTY_BODY = YES;
				CLANG_WARN_ENUM_CONVERSION = YES;
				CLANG_WARN_INFINITE_RECURSION = YES;
				CLANG_WARN_INT_CONVERSION = YES;
				CLANG_WARN_NON_LITERAL_NULL_CONVERSION = YES;
				CLANG_WARN_OBJC_IMPLICIT_RETAIN_SELF = YES;
				CLANG_WARN_OBJC_LITERAL_CONVERSION = YES;
				CLANG_WARN_OBJC_ROOT_CLASS = YES_ERROR;
				CLANG_WARN_QUOTED_INCLUDE_IN_FRAMEWORK_HEADER = YES;
				CLANG_WARN_RANGE_LOOP_ANALYSIS = YES;
				CLANG_WARN_STRICT_PROTOTYPES = YES;
				CLANG_WARN_SUSPICIOUS_MOVE = YES;
				CLANG_WARN_UNGUARDED_AVAILABILITY = YES_AGGRESSIVE;
				CLANG_WARN_UNREACHABLE_CODE = YES;
				CLANG_WARN__DUPLICATE_METHOD_MATCH = YES;
				COPY_PHASE_STRIP = NO;
				DEBUG_INFORMATION_FORMAT = "dwarf-with-dsym";
				ENABLE_NS_ASSERTIONS = NO;
				ENABLE_STRICT_OBJC_MSGSEND = YES;
				GCC_C_LANGUAGE_STANDARD = gnu11;
				GCC_NO_COMMON_BLOCKS = YES;
				GCC_WARN_64_TO_32_BIT_CONVERSION = YES;
				GCC_WARN_ABOUT_RETURN_TYPE = YES_ERROR;
				GCC_WARN_UNDECLARED_SELECTOR = YES;
				GCC_WARN_UNINITIALIZED_AUTOS = YES_AGGRESSIVE;
				GCC_WARN_UNUSED_FUNCTION = YES;
				GCC_WARN_UNUSED_VARIABLE = YES;
				IPHONEOS_DEPLOYMENT_TARGET = 16.2;
				MTL_ENABLE_DEBUG_INFO = NO;
				MTL_FAST_MATH = YES;
				SDKROOT = iphoneos;
				SWIFT_COMPILATION_MODE = wholemodule;
				SWIFT_OPTIMIZATION_LEVEL = "-O";
				VALIDATE_PRODUCT = YES;
			};
			name = Release;
		};
		491ED5B62974CD4300E6B5F1 /* Debug */ = {
			isa = XCBuildConfiguration;
			buildSettings = {
				ASSETCATALOG_COMPILER_APPICON_NAME = AppIcon;
				ASSETCATALOG_COMPILER_GLOBAL_ACCENT_COLOR_NAME = AccentColor;
				CODE_SIGN_STYLE = Automatic;
				CURRENT_PROJECT_VERSION = 1;
				DEVELOPMENT_TEAM = HDFLLXK789;
				GENERATE_INFOPLIST_FILE = YES;
				INFOPLIST_FILE = CollectionViewPagenation/Info.plist;
				INFOPLIST_KEY_UIApplicationSupportsIndirectInputEvents = YES;
				INFOPLIST_KEY_UILaunchStoryboardName = LaunchScreen;
				INFOPLIST_KEY_UIMainStoryboardFile = "";
				INFOPLIST_KEY_UISupportedInterfaceOrientations_iPad = "UIInterfaceOrientationPortrait UIInterfaceOrientationPortraitUpsideDown UIInterfaceOrientationLandscapeLeft UIInterfaceOrientationLandscapeRight";
				INFOPLIST_KEY_UISupportedInterfaceOrientations_iPhone = "UIInterfaceOrientationPortrait UIInterfaceOrientationLandscapeLeft UIInterfaceOrientationLandscapeRight";
				LD_RUNPATH_SEARCH_PATHS = (
					"$(inherited)",
					"@executable_path/Frameworks",
				);
				MARKETING_VERSION = 1.0;
				PRODUCT_BUNDLE_IDENTIFIER = com.ycompany.CollectionViewPagenation;
				PRODUCT_NAME = "$(TARGET_NAME)";
				SWIFT_EMIT_LOC_STRINGS = YES;
				SWIFT_VERSION = 5.0;
				TARGETED_DEVICE_FAMILY = "1,2";
			};
			name = Debug;
		};
		491ED5B72974CD4300E6B5F1 /* Release */ = {
			isa = XCBuildConfiguration;
			buildSettings = {
				ASSETCATALOG_COMPILER_APPICON_NAME = AppIcon;
				ASSETCATALOG_COMPILER_GLOBAL_ACCENT_COLOR_NAME = AccentColor;
				CODE_SIGN_STYLE = Automatic;
				CURRENT_PROJECT_VERSION = 1;
				DEVELOPMENT_TEAM = HDFLLXK789;
				GENERATE_INFOPLIST_FILE = YES;
				INFOPLIST_FILE = CollectionViewPagenation/Info.plist;
				INFOPLIST_KEY_UIApplicationSupportsIndirectInputEvents = YES;
				INFOPLIST_KEY_UILaunchStoryboardName = LaunchScreen;
				INFOPLIST_KEY_UIMainStoryboardFile = "";
				INFOPLIST_KEY_UISupportedInterfaceOrientations_iPad = "UIInterfaceOrientationPortrait UIInterfaceOrientationPortraitUpsideDown UIInterfaceOrientationLandscapeLeft UIInterfaceOrientationLandscapeRight";
				INFOPLIST_KEY_UISupportedInterfaceOrientations_iPhone = "UIInterfaceOrientationPortrait UIInterfaceOrientationLandscapeLeft UIInterfaceOrientationLandscapeRight";
				LD_RUNPATH_SEARCH_PATHS = (
					"$(inherited)",
					"@executable_path/Frameworks",
				);
				MARKETING_VERSION = 1.0;
				PRODUCT_BUNDLE_IDENTIFIER = com.ycompany.CollectionViewPagenation;
				PRODUCT_NAME = "$(TARGET_NAME)";
				SWIFT_EMIT_LOC_STRINGS = YES;
				SWIFT_VERSION = 5.0;
				TARGETED_DEVICE_FAMILY = "1,2";
			};
			name = Release;
		};
/* End XCBuildConfiguration section */

/* Begin XCConfigurationList section */
		491ED59C2974CD4100E6B5F1 /* Build configuration list for PBXProject "CollectionViewPagenation" */ = {
			isa = XCConfigurationList;
			buildConfigurations = (
				491ED5B32974CD4300E6B5F1 /* Debug */,
				491ED5B42974CD4300E6B5F1 /* Release */,
			);
			defaultConfigurationIsVisible = 0;
			defaultConfigurationName = Release;
		};
		491ED5B52974CD4300E6B5F1 /* Build configuration list for PBXNativeTarget "CollectionViewPagenation" */ = {
			isa = XCConfigurationList;
			buildConfigurations = (
				491ED5B62974CD4300E6B5F1 /* Debug */,
				491ED5B72974CD4300E6B5F1 /* Release */,
			);
			defaultConfigurationIsVisible = 0;
			defaultConfigurationName = Release;
		};
/* End XCConfigurationList section */

/* Begin XCRemoteSwiftPackageReference section */
		491ED5B92974CDEF00E6B5F1 /* XCRemoteSwiftPackageReference "SnapKit" */ = {
			isa = XCRemoteSwiftPackageReference;
			repositoryURL = "https://github.com/SnapKit/SnapKit.git";
			requirement = {
				kind = upToNextMajorVersion;
				minimumVersion = 5.0.0;
			};
		};
		491ED5D3297515D000E6B5F1 /* XCRemoteSwiftPackageReference "RxSwift" */ = {
			isa = XCRemoteSwiftPackageReference;
			repositoryURL = "https://github.com/ReactiveX/RxSwift.git";
			requirement = {
				kind = upToNextMajorVersion;
				minimumVersion = 6.0.0;
			};
		};
		491ED5DA297515F700E6B5F1 /* XCRemoteSwiftPackageReference "Alamofire" */ = {
			isa = XCRemoteSwiftPackageReference;
			repositoryURL = "https://github.com/Alamofire/Alamofire.git";
			requirement = {
				kind = upToNextMajorVersion;
				minimumVersion = 5.0.0;
			};
		};
		49BDB36729762096003DF1F9 /* XCRemoteSwiftPackageReference "Kingfisher" */ = {
			isa = XCRemoteSwiftPackageReference;
			repositoryURL = "https://github.com/onevcat/Kingfisher.git";
			requirement = {
				kind = upToNextMajorVersion;
				minimumVersion = 7.0.0;
			};
		};
/* End XCRemoteSwiftPackageReference section */

/* Begin XCSwiftPackageProductDependency section */
		491ED5BA2974CDEF00E6B5F1 /* SnapKit */ = {
			isa = XCSwiftPackageProductDependency;
			package = 491ED5B92974CDEF00E6B5F1 /* XCRemoteSwiftPackageReference "SnapKit" */;
			productName = SnapKit;
		};
		491ED5D4297515D000E6B5F1 /* RxCocoa */ = {
			isa = XCSwiftPackageProductDependency;
			package = 491ED5D3297515D000E6B5F1 /* XCRemoteSwiftPackageReference "RxSwift" */;
			productName = RxCocoa;
		};
		491ED5D6297515D000E6B5F1 /* RxRelay */ = {
			isa = XCSwiftPackageProductDependency;
			package = 491ED5D3297515D000E6B5F1 /* XCRemoteSwiftPackageReference "RxSwift" */;
			productName = RxRelay;
		};
		491ED5D8297515D000E6B5F1 /* RxSwift */ = {
			isa = XCSwiftPackageProductDependency;
			package = 491ED5D3297515D000E6B5F1 /* XCRemoteSwiftPackageReference "RxSwift" */;
			productName = RxSwift;
		};
		491ED5DB297515F700E6B5F1 /* Alamofire */ = {
			isa = XCSwiftPackageProductDependency;
			package = 491ED5DA297515F700E6B5F1 /* XCRemoteSwiftPackageReference "Alamofire" */;
			productName = Alamofire;
		};
		49BDB36829762096003DF1F9 /* Kingfisher */ = {
			isa = XCSwiftPackageProductDependency;
			package = 49BDB36729762096003DF1F9 /* XCRemoteSwiftPackageReference "Kingfisher" */;
			productName = Kingfisher;
		};
/* End XCSwiftPackageProductDependency section */
	};
	rootObject = 491ED5992974CD4100E6B5F1 /* Project object */;
}
